
Microsoft Visual Studio Solution File, Format Version 12.00
# Visual Studio 15
VisualStudioVersion = 15.0.27428.2037
MinimumVisualStudioVersion = 10.0.40219.1
Project("{FAE04EC0-301F-11D3-BF4B-00C04F79EFBC}") = "MPSC.PlenoSoft.Core.Utils", "Utils\MPSC.PlenoSoft.Core.Utils.csproj", "{8FBDC04B-B14D-474B-AF67-F42049E8F91B}"
EndProject
Project("{FAE04EC0-301F-11D3-BF4B-00C04F79EFBC}") = "MPSC.PlenoSoft.Core.Caches", "Caches\MPSC.PlenoSoft.Core.Caches.csproj", "{D3A3F5DA-F29A-4482-BC95-0B1426D6C07B}"
EndProject
Project("{FAE04EC0-301F-11D3-BF4B-00C04F79EFBC}") = "MPSC.PlenoSoft.Core.Collections", "Collections\MPSC.PlenoSoft.Core.Collections.csproj", "{8A73DC7E-7DA0-4D4A-9B99-D99ACD932E68}"
EndProject
Global
	GlobalSection(SolutionConfigurationPlatforms) = preSolution
		Debug|Any CPU = Debug|Any CPU
		Release|Any CPU = Release|Any CPU
	EndGlobalSection
	GlobalSection(ProjectConfigurationPlatforms) = postSolution
		{8FBDC04B-B14D-474B-AF67-F42049E8F91B}.Debug|Any CPU.ActiveCfg = Debug|Any CPU
		{8FBDC04B-B14D-474B-AF67-F42049E8F91B}.Debug|Any CPU.Build.0 = Debug|Any CPU
		{8FBDC04B-B14D-474B-AF67-F42049E8F91B}.Release|Any CPU.ActiveCfg = Release|Any CPU
		{8FBDC04B-B14D-474B-AF67-F42049E8F91B}.Release|Any CPU.Build.0 = Release|Any CPU
		{D3A3F5DA-F29A-4482-BC95-0B1426D6C07B}.Debug|Any CPU.ActiveCfg = Debug|Any CPU
		{D3A3F5DA-F29A-4482-BC95-0B1426D6C07B}.Debug|Any CPU.Build.0 = Debug|Any CPU
		{D3A3F5DA-F29A-4482-BC95-0B1426D6C07B}.Release|Any CPU.ActiveCfg = Release|Any CPU
		{D3A3F5DA-F29A-4482-BC95-0B1426D6C07B}.Release|Any CPU.Build.0 = Release|Any CPU
		{8A73DC7E-7DA0-4D4A-9B99-D99ACD932E68}.Debug|Any CPU.ActiveCfg = Debug|Any CPU
		{8A73DC7E-7DA0-4D4A-9B99-D99ACD932E68}.Debug|Any CPU.Build.0 = Debug|Any CPU
		{8A73DC7E-7DA0-4D4A-9B99-D99ACD932E68}.Release|Any CPU.ActiveCfg = Release|Any CPU
		{8A73DC7E-7DA0-4D4A-9B99-D99ACD932E68}.Release|Any CPU.Build.0 = Release|Any CPU
	EndGlobalSection
	GlobalSection(SolutionProperties) = preSolution
		HideSolutionNode = FALSE
	EndGlobalSection
	GlobalSection(ExtensibilityGlobals) = postSolution
		SolutionGuid = {0A17167E-C586-49C3-99B8-EE2FDBE9E0E9}
	EndGlobalSection
EndGlobal
