
Microsoft Visual Studio Solution File, Format Version 12.00
# Visual Studio Version 17
VisualStudioVersion = 17.3.32901.215
MinimumVisualStudioVersion = 10.0.40219.1
Project("{2150E333-8FDC-42A3-9474-1A3956D46DE8}") = "[Root]", "[Root]", "{1F4BFE2D-D282-478A-8EF3-21F93A6F859C}"
	ProjectSection(SolutionItems) = preProject
		..\.gitignore = ..\.gitignore
		Net4\MPSTI.PlenoSoft.Core.Office.OpenXml\Properties\MPSTI.PlenoSoft.Core.Office.OpenXml.nuspec = Net4\MPSTI.PlenoSoft.Core.Office.OpenXml\Properties\MPSTI.PlenoSoft.Core.Office.OpenXml.nuspec
		Net4\MPSTI.PlenoSoft.Core.Selenium.Net4\Properties\MPSTI.PlenoSoft.Core.Selenium.Net4.nuspec = Net4\MPSTI.PlenoSoft.Core.Selenium.Net4\Properties\MPSTI.PlenoSoft.Core.Selenium.Net4.nuspec
		Net4\MPSTI.PlenoSoft.Core.WatiN.Net4\Properties\MPSTI.PlenoSoft.Core.WatiN.Net4.nuspec = Net4\MPSTI.PlenoSoft.Core.WatiN.Net4\Properties\MPSTI.PlenoSoft.Core.WatiN.Net4.nuspec
		..\.github\workflows\publish-nuget-net4.yml = ..\.github\workflows\publish-nuget-net4.yml
		..\.github\workflows\publish-nuget-net6.yml = ..\.github\workflows\publish-nuget-net6.yml
		..\README.md = ..\README.md
	EndProjectSection
EndProject
Project("{9A19103F-16F7-4668-BE54-9A1E7A4F7556}") = "MPSTI.PlenoSoft.Core.Azure.CosmosDb", "MPSTI.PlenoSoft.Core.Azure.CosmosDb\MPSTI.PlenoSoft.Core.Azure.CosmosDb.csproj", "{08B3829C-5B7E-4E5E-A540-99DE7F2E7A9F}"
EndProject
Project("{9A19103F-16F7-4668-BE54-9A1E7A4F7556}") = "MPSTI.PlenoSoft.Core.Azure.Functions", "MPSTI.PlenoSoft.Core.Azure.Functions\MPSTI.PlenoSoft.Core.Azure.Functions.csproj", "{834B7E23-73FF-4235-B81B-8A270356491F}"
EndProject
Project("{9A19103F-16F7-4668-BE54-9A1E7A4F7556}") = "MPSTI.PlenoSoft.Core.Azure.ServiceBus", "MPSTI.PlenoSoft.Core.Azure.ServiceBus\MPSTI.PlenoSoft.Core.Azure.ServiceBus.csproj", "{379A47A7-CA07-4901-A470-ECB948D44B1F}"
EndProject
Project("{9A19103F-16F7-4668-BE54-9A1E7A4F7556}") = "MPSTI.PlenoSoft.Core.Caches", "MPSTI.PlenoSoft.Core.Caches\MPSTI.PlenoSoft.Core.Caches.csproj", "{D3A3F5DA-F29A-4482-BC95-0B1426D6C07B}"
EndProject
Project("{9A19103F-16F7-4668-BE54-9A1E7A4F7556}") = "MPSTI.PlenoSoft.Core.Camunda", "MPSTI.PlenoSoft.Core.Camunda\MPSTI.PlenoSoft.Core.Camunda.csproj", "{9379B172-D26F-4FD2-BFA3-B12A59C569B4}"
EndProject
Project("{9A19103F-16F7-4668-BE54-9A1E7A4F7556}") = "MPSTI.PlenoSoft.Core.Collections", "MPSTI.PlenoSoft.Core.Collections\MPSTI.PlenoSoft.Core.Collections.csproj", "{8A73DC7E-7DA0-4D4A-9B99-D99ACD932E68}"
EndProject
Project("{9A19103F-16F7-4668-BE54-9A1E7A4F7556}") = "MPSTI.PlenoSoft.Core.CrossProject", "MPSTI.PlenoSoft.Core.CrossProject\MPSTI.PlenoSoft.Core.CrossProject.csproj", "{40A15D84-3D44-4006-B427-AA157739ABB0}"
EndProject
Project("{9A19103F-16F7-4668-BE54-9A1E7A4F7556}") = "MPSTI.PlenoSoft.Core.CrossProject.Web", "MPSTI.PlenoSoft.Core.CrossProject.Web\MPSTI.PlenoSoft.Core.CrossProject.Web.csproj", "{41B983FA-D2E2-4AFB-BB47-74B6CA53BB3D}"
EndProject
Project("{9A19103F-16F7-4668-BE54-9A1E7A4F7556}") = "MPSTI.PlenoSoft.Core.Extensions", "MPSTI.PlenoSoft.Core.Extensions\MPSTI.PlenoSoft.Core.Extensions.csproj", "{8FBDC04B-B14D-474B-AF67-F42049E8F91B}"
EndProject
Project("{9A19103F-16F7-4668-BE54-9A1E7A4F7556}") = "MPSTI.PlenoSoft.Core.Flux", "MPSTI.PlenoSoft.Core.Flux\MPSTI.PlenoSoft.Core.Flux.csproj", "{37EADC4F-3F73-4817-B5DD-9FE7888F1649}"
EndProject
Project("{9A19103F-16F7-4668-BE54-9A1E7A4F7556}") = "MPSTI.PlenoSoft.Core.MongoDb", "MPSTI.PlenoSoft.Core.MongoDb\MPSTI.PlenoSoft.Core.MongoDb.csproj", "{195F82B9-5C67-4D86-8904-D94098B4DF3C}"
EndProject
Project("{9A19103F-16F7-4668-BE54-9A1E7A4F7556}") = "MPSTI.PlenoSoft.Core.Office.EPPlus", "MPSTI.PlenoSoft.Core.Office.EPPlus\MPSTI.PlenoSoft.Core.Office.EPPlus.csproj", "{74E47D32-53E8-4889-801C-5BCBDD5D2863}"
EndProject
Project("{9A19103F-16F7-4668-BE54-9A1E7A4F7556}") = "MPSTI.PlenoSoft.Core.Selenium", "MPSTI.PlenoSoft.Core.Selenium\MPSTI.PlenoSoft.Core.Selenium.csproj", "{B967CBCB-58DC-41E3-B6AF-979ABAFD020F}"
EndProject
Project("{9A19103F-16F7-4668-BE54-9A1E7A4F7556}") = "MPSTI.PlenoSoft.Core.Test", "MPSTI.PlenoSoft.Core.Test\MPSTI.PlenoSoft.Core.Test.csproj", "{9669E048-A18F-4755-816D-020B6D47A087}"
EndProject
Project("{9A19103F-16F7-4668-BE54-9A1E7A4F7556}") = "MPSTI.PlenoSoft.Core.xUnit", "MPSTI.PlenoSoft.Core.xUnit\MPSTI.PlenoSoft.Core.xUnit.csproj", "{97546BD2-EE06-4EC2-A432-5884B7BB29F5}"
EndProject
Project("{9A19103F-16F7-4668-BE54-9A1E7A4F7556}") = "MPSTI.PlenoSoft.Exemplo.AzureFunction", "MPSTI.PlenoSoft.Exemplo.AzureFunction\MPSTI.PlenoSoft.Exemplo.AzureFunction.csproj", "{40FD8BED-1E79-41D5-A15F-71628167DEED}"
EndProject
Project("{9A19103F-16F7-4668-BE54-9A1E7A4F7556}") = "MPSTI.PlenoSoft.Core.Office.OpenXml", "MPSTI.PlenoSoft.Core.Office.OpenXml\MPSTI.PlenoSoft.Core.Office.OpenXml.csproj", "{40124EA5-144F-41BD-97BB-6D35A2B0B3A2}"
EndProject
Project("{9A19103F-16F7-4668-BE54-9A1E7A4F7556}") = "MPSTI.PlenoSoft.Core.DbConfigurations", "MPSTI.PlenoSoft.Core.DbConfigurations\MPSTI.PlenoSoft.Core.DbConfigurations.csproj", "{8BC12CA5-59B4-40AB-A39D-D309BC22A26D}"
EndProject
Global
	GlobalSection(SolutionConfigurationPlatforms) = preSolution
		Debug|Any CPU = Debug|Any CPU
		Debug|x64 = Debug|x64
		Debug|x86 = Debug|x86
		Release|Any CPU = Release|Any CPU
		Release|x64 = Release|x64
		Release|x86 = Release|x86
	EndGlobalSection
	GlobalSection(ProjectConfigurationPlatforms) = postSolution
		{08B3829C-5B7E-4E5E-A540-99DE7F2E7A9F}.Debug|Any CPU.ActiveCfg = Debug|Any CPU
		{08B3829C-5B7E-4E5E-A540-99DE7F2E7A9F}.Debug|Any CPU.Build.0 = Debug|Any CPU
		{08B3829C-5B7E-4E5E-A540-99DE7F2E7A9F}.Debug|x64.ActiveCfg = Debug|Any CPU
		{08B3829C-5B7E-4E5E-A540-99DE7F2E7A9F}.Debug|x64.Build.0 = Debug|Any CPU
		{08B3829C-5B7E-4E5E-A540-99DE7F2E7A9F}.Debug|x86.ActiveCfg = Debug|Any CPU
		{08B3829C-5B7E-4E5E-A540-99DE7F2E7A9F}.Debug|x86.Build.0 = Debug|Any CPU
		{08B3829C-5B7E-4E5E-A540-99DE7F2E7A9F}.Release|Any CPU.ActiveCfg = Release|Any CPU
		{08B3829C-5B7E-4E5E-A540-99DE7F2E7A9F}.Release|Any CPU.Build.0 = Release|Any CPU
		{08B3829C-5B7E-4E5E-A540-99DE7F2E7A9F}.Release|x64.ActiveCfg = Release|Any CPU
		{08B3829C-5B7E-4E5E-A540-99DE7F2E7A9F}.Release|x64.Build.0 = Release|Any CPU
		{08B3829C-5B7E-4E5E-A540-99DE7F2E7A9F}.Release|x86.ActiveCfg = Release|Any CPU
		{08B3829C-5B7E-4E5E-A540-99DE7F2E7A9F}.Release|x86.Build.0 = Release|Any CPU
		{834B7E23-73FF-4235-B81B-8A270356491F}.Debug|Any CPU.ActiveCfg = Debug|Any CPU
		{834B7E23-73FF-4235-B81B-8A270356491F}.Debug|Any CPU.Build.0 = Debug|Any CPU
		{834B7E23-73FF-4235-B81B-8A270356491F}.Debug|x64.ActiveCfg = Debug|Any CPU
		{834B7E23-73FF-4235-B81B-8A270356491F}.Debug|x64.Build.0 = Debug|Any CPU
		{834B7E23-73FF-4235-B81B-8A270356491F}.Debug|x86.ActiveCfg = Debug|Any CPU
		{834B7E23-73FF-4235-B81B-8A270356491F}.Debug|x86.Build.0 = Debug|Any CPU
		{834B7E23-73FF-4235-B81B-8A270356491F}.Release|Any CPU.ActiveCfg = Release|Any CPU
		{834B7E23-73FF-4235-B81B-8A270356491F}.Release|Any CPU.Build.0 = Release|Any CPU
		{834B7E23-73FF-4235-B81B-8A270356491F}.Release|x64.ActiveCfg = Release|Any CPU
		{834B7E23-73FF-4235-B81B-8A270356491F}.Release|x64.Build.0 = Release|Any CPU
		{834B7E23-73FF-4235-B81B-8A270356491F}.Release|x86.ActiveCfg = Release|Any CPU
		{834B7E23-73FF-4235-B81B-8A270356491F}.Release|x86.Build.0 = Release|Any CPU
		{379A47A7-CA07-4901-A470-ECB948D44B1F}.Debug|Any CPU.ActiveCfg = Debug|Any CPU
		{379A47A7-CA07-4901-A470-ECB948D44B1F}.Debug|Any CPU.Build.0 = Debug|Any CPU
		{379A47A7-CA07-4901-A470-ECB948D44B1F}.Debug|x64.ActiveCfg = Debug|Any CPU
		{379A47A7-CA07-4901-A470-ECB948D44B1F}.Debug|x64.Build.0 = Debug|Any CPU
		{379A47A7-CA07-4901-A470-ECB948D44B1F}.Debug|x86.ActiveCfg = Debug|Any CPU
		{379A47A7-CA07-4901-A470-ECB948D44B1F}.Debug|x86.Build.0 = Debug|Any CPU
		{379A47A7-CA07-4901-A470-ECB948D44B1F}.Release|Any CPU.ActiveCfg = Release|Any CPU
		{379A47A7-CA07-4901-A470-ECB948D44B1F}.Release|Any CPU.Build.0 = Release|Any CPU
		{379A47A7-CA07-4901-A470-ECB948D44B1F}.Release|x64.ActiveCfg = Release|Any CPU
		{379A47A7-CA07-4901-A470-ECB948D44B1F}.Release|x64.Build.0 = Release|Any CPU
		{379A47A7-CA07-4901-A470-ECB948D44B1F}.Release|x86.ActiveCfg = Release|Any CPU
		{379A47A7-CA07-4901-A470-ECB948D44B1F}.Release|x86.Build.0 = Release|Any CPU
		{D3A3F5DA-F29A-4482-BC95-0B1426D6C07B}.Debug|Any CPU.ActiveCfg = Debug|Any CPU
		{D3A3F5DA-F29A-4482-BC95-0B1426D6C07B}.Debug|Any CPU.Build.0 = Debug|Any CPU
		{D3A3F5DA-F29A-4482-BC95-0B1426D6C07B}.Debug|x64.ActiveCfg = Debug|Any CPU
		{D3A3F5DA-F29A-4482-BC95-0B1426D6C07B}.Debug|x64.Build.0 = Debug|Any CPU
		{D3A3F5DA-F29A-4482-BC95-0B1426D6C07B}.Debug|x86.ActiveCfg = Debug|Any CPU
		{D3A3F5DA-F29A-4482-BC95-0B1426D6C07B}.Debug|x86.Build.0 = Debug|Any CPU
		{D3A3F5DA-F29A-4482-BC95-0B1426D6C07B}.Release|Any CPU.ActiveCfg = Release|Any CPU
		{D3A3F5DA-F29A-4482-BC95-0B1426D6C07B}.Release|Any CPU.Build.0 = Release|Any CPU
		{D3A3F5DA-F29A-4482-BC95-0B1426D6C07B}.Release|x64.ActiveCfg = Release|Any CPU
		{D3A3F5DA-F29A-4482-BC95-0B1426D6C07B}.Release|x64.Build.0 = Release|Any CPU
		{D3A3F5DA-F29A-4482-BC95-0B1426D6C07B}.Release|x86.ActiveCfg = Release|Any CPU
		{D3A3F5DA-F29A-4482-BC95-0B1426D6C07B}.Release|x86.Build.0 = Release|Any CPU
		{9379B172-D26F-4FD2-BFA3-B12A59C569B4}.Debug|Any CPU.ActiveCfg = Debug|Any CPU
		{9379B172-D26F-4FD2-BFA3-B12A59C569B4}.Debug|Any CPU.Build.0 = Debug|Any CPU
		{9379B172-D26F-4FD2-BFA3-B12A59C569B4}.Debug|x64.ActiveCfg = Debug|Any CPU
		{9379B172-D26F-4FD2-BFA3-B12A59C569B4}.Debug|x64.Build.0 = Debug|Any CPU
		{9379B172-D26F-4FD2-BFA3-B12A59C569B4}.Debug|x86.ActiveCfg = Debug|Any CPU
		{9379B172-D26F-4FD2-BFA3-B12A59C569B4}.Debug|x86.Build.0 = Debug|Any CPU
		{9379B172-D26F-4FD2-BFA3-B12A59C569B4}.Release|Any CPU.ActiveCfg = Release|Any CPU
		{9379B172-D26F-4FD2-BFA3-B12A59C569B4}.Release|Any CPU.Build.0 = Release|Any CPU
		{9379B172-D26F-4FD2-BFA3-B12A59C569B4}.Release|x64.ActiveCfg = Release|Any CPU
		{9379B172-D26F-4FD2-BFA3-B12A59C569B4}.Release|x64.Build.0 = Release|Any CPU
		{9379B172-D26F-4FD2-BFA3-B12A59C569B4}.Release|x86.ActiveCfg = Release|Any CPU
		{9379B172-D26F-4FD2-BFA3-B12A59C569B4}.Release|x86.Build.0 = Release|Any CPU
		{8A73DC7E-7DA0-4D4A-9B99-D99ACD932E68}.Debug|Any CPU.ActiveCfg = Debug|Any CPU
		{8A73DC7E-7DA0-4D4A-9B99-D99ACD932E68}.Debug|Any CPU.Build.0 = Debug|Any CPU
		{8A73DC7E-7DA0-4D4A-9B99-D99ACD932E68}.Debug|x64.ActiveCfg = Debug|Any CPU
		{8A73DC7E-7DA0-4D4A-9B99-D99ACD932E68}.Debug|x64.Build.0 = Debug|Any CPU
		{8A73DC7E-7DA0-4D4A-9B99-D99ACD932E68}.Debug|x86.ActiveCfg = Debug|Any CPU
		{8A73DC7E-7DA0-4D4A-9B99-D99ACD932E68}.Debug|x86.Build.0 = Debug|Any CPU
		{8A73DC7E-7DA0-4D4A-9B99-D99ACD932E68}.Release|Any CPU.ActiveCfg = Release|Any CPU
		{8A73DC7E-7DA0-4D4A-9B99-D99ACD932E68}.Release|Any CPU.Build.0 = Release|Any CPU
		{8A73DC7E-7DA0-4D4A-9B99-D99ACD932E68}.Release|x64.ActiveCfg = Release|Any CPU
		{8A73DC7E-7DA0-4D4A-9B99-D99ACD932E68}.Release|x64.Build.0 = Release|Any CPU
		{8A73DC7E-7DA0-4D4A-9B99-D99ACD932E68}.Release|x86.ActiveCfg = Release|Any CPU
		{8A73DC7E-7DA0-4D4A-9B99-D99ACD932E68}.Release|x86.Build.0 = Release|Any CPU
		{40A15D84-3D44-4006-B427-AA157739ABB0}.Debug|Any CPU.ActiveCfg = Debug|Any CPU
		{40A15D84-3D44-4006-B427-AA157739ABB0}.Debug|Any CPU.Build.0 = Debug|Any CPU
		{40A15D84-3D44-4006-B427-AA157739ABB0}.Debug|x64.ActiveCfg = Debug|Any CPU
		{40A15D84-3D44-4006-B427-AA157739ABB0}.Debug|x64.Build.0 = Debug|Any CPU
		{40A15D84-3D44-4006-B427-AA157739ABB0}.Debug|x86.ActiveCfg = Debug|Any CPU
		{40A15D84-3D44-4006-B427-AA157739ABB0}.Debug|x86.Build.0 = Debug|Any CPU
		{40A15D84-3D44-4006-B427-AA157739ABB0}.Release|Any CPU.ActiveCfg = Release|Any CPU
		{40A15D84-3D44-4006-B427-AA157739ABB0}.Release|Any CPU.Build.0 = Release|Any CPU
		{40A15D84-3D44-4006-B427-AA157739ABB0}.Release|x64.ActiveCfg = Release|Any CPU
		{40A15D84-3D44-4006-B427-AA157739ABB0}.Release|x64.Build.0 = Release|Any CPU
		{40A15D84-3D44-4006-B427-AA157739ABB0}.Release|x86.ActiveCfg = Release|Any CPU
		{40A15D84-3D44-4006-B427-AA157739ABB0}.Release|x86.Build.0 = Release|Any CPU
		{41B983FA-D2E2-4AFB-BB47-74B6CA53BB3D}.Debug|Any CPU.ActiveCfg = Debug|Any CPU
		{41B983FA-D2E2-4AFB-BB47-74B6CA53BB3D}.Debug|Any CPU.Build.0 = Debug|Any CPU
		{41B983FA-D2E2-4AFB-BB47-74B6CA53BB3D}.Debug|x64.ActiveCfg = Debug|Any CPU
		{41B983FA-D2E2-4AFB-BB47-74B6CA53BB3D}.Debug|x64.Build.0 = Debug|Any CPU
		{41B983FA-D2E2-4AFB-BB47-74B6CA53BB3D}.Debug|x86.ActiveCfg = Debug|Any CPU
		{41B983FA-D2E2-4AFB-BB47-74B6CA53BB3D}.Debug|x86.Build.0 = Debug|Any CPU
		{41B983FA-D2E2-4AFB-BB47-74B6CA53BB3D}.Release|Any CPU.ActiveCfg = Release|Any CPU
		{41B983FA-D2E2-4AFB-BB47-74B6CA53BB3D}.Release|Any CPU.Build.0 = Release|Any CPU
		{41B983FA-D2E2-4AFB-BB47-74B6CA53BB3D}.Release|x64.ActiveCfg = Release|Any CPU
		{41B983FA-D2E2-4AFB-BB47-74B6CA53BB3D}.Release|x64.Build.0 = Release|Any CPU
		{41B983FA-D2E2-4AFB-BB47-74B6CA53BB3D}.Release|x86.ActiveCfg = Release|Any CPU
		{41B983FA-D2E2-4AFB-BB47-74B6CA53BB3D}.Release|x86.Build.0 = Release|Any CPU
		{8FBDC04B-B14D-474B-AF67-F42049E8F91B}.Debug|Any CPU.ActiveCfg = Debug|Any CPU
		{8FBDC04B-B14D-474B-AF67-F42049E8F91B}.Debug|Any CPU.Build.0 = Debug|Any CPU
		{8FBDC04B-B14D-474B-AF67-F42049E8F91B}.Debug|x64.ActiveCfg = Debug|Any CPU
		{8FBDC04B-B14D-474B-AF67-F42049E8F91B}.Debug|x64.Build.0 = Debug|Any CPU
		{8FBDC04B-B14D-474B-AF67-F42049E8F91B}.Debug|x86.ActiveCfg = Debug|Any CPU
		{8FBDC04B-B14D-474B-AF67-F42049E8F91B}.Debug|x86.Build.0 = Debug|Any CPU
		{8FBDC04B-B14D-474B-AF67-F42049E8F91B}.Release|Any CPU.ActiveCfg = Release|Any CPU
		{8FBDC04B-B14D-474B-AF67-F42049E8F91B}.Release|Any CPU.Build.0 = Release|Any CPU
		{8FBDC04B-B14D-474B-AF67-F42049E8F91B}.Release|x64.ActiveCfg = Release|Any CPU
		{8FBDC04B-B14D-474B-AF67-F42049E8F91B}.Release|x64.Build.0 = Release|Any CPU
		{8FBDC04B-B14D-474B-AF67-F42049E8F91B}.Release|x86.ActiveCfg = Release|Any CPU
		{8FBDC04B-B14D-474B-AF67-F42049E8F91B}.Release|x86.Build.0 = Release|Any CPU
		{37EADC4F-3F73-4817-B5DD-9FE7888F1649}.Debug|Any CPU.ActiveCfg = Debug|Any CPU
		{37EADC4F-3F73-4817-B5DD-9FE7888F1649}.Debug|Any CPU.Build.0 = Debug|Any CPU
		{37EADC4F-3F73-4817-B5DD-9FE7888F1649}.Debug|x64.ActiveCfg = Debug|Any CPU
		{37EADC4F-3F73-4817-B5DD-9FE7888F1649}.Debug|x64.Build.0 = Debug|Any CPU
		{37EADC4F-3F73-4817-B5DD-9FE7888F1649}.Debug|x86.ActiveCfg = Debug|Any CPU
		{37EADC4F-3F73-4817-B5DD-9FE7888F1649}.Debug|x86.Build.0 = Debug|Any CPU
		{37EADC4F-3F73-4817-B5DD-9FE7888F1649}.Release|Any CPU.ActiveCfg = Release|Any CPU
		{37EADC4F-3F73-4817-B5DD-9FE7888F1649}.Release|Any CPU.Build.0 = Release|Any CPU
		{37EADC4F-3F73-4817-B5DD-9FE7888F1649}.Release|x64.ActiveCfg = Release|Any CPU
		{37EADC4F-3F73-4817-B5DD-9FE7888F1649}.Release|x64.Build.0 = Release|Any CPU
		{37EADC4F-3F73-4817-B5DD-9FE7888F1649}.Release|x86.ActiveCfg = Release|Any CPU
		{37EADC4F-3F73-4817-B5DD-9FE7888F1649}.Release|x86.Build.0 = Release|Any CPU
		{195F82B9-5C67-4D86-8904-D94098B4DF3C}.Debug|Any CPU.ActiveCfg = Debug|Any CPU
		{195F82B9-5C67-4D86-8904-D94098B4DF3C}.Debug|Any CPU.Build.0 = Debug|Any CPU
		{195F82B9-5C67-4D86-8904-D94098B4DF3C}.Debug|x64.ActiveCfg = Debug|Any CPU
		{195F82B9-5C67-4D86-8904-D94098B4DF3C}.Debug|x64.Build.0 = Debug|Any CPU
		{195F82B9-5C67-4D86-8904-D94098B4DF3C}.Debug|x86.ActiveCfg = Debug|Any CPU
		{195F82B9-5C67-4D86-8904-D94098B4DF3C}.Debug|x86.Build.0 = Debug|Any CPU
		{195F82B9-5C67-4D86-8904-D94098B4DF3C}.Release|Any CPU.ActiveCfg = Release|Any CPU
		{195F82B9-5C67-4D86-8904-D94098B4DF3C}.Release|Any CPU.Build.0 = Release|Any CPU
		{195F82B9-5C67-4D86-8904-D94098B4DF3C}.Release|x64.ActiveCfg = Release|Any CPU
		{195F82B9-5C67-4D86-8904-D94098B4DF3C}.Release|x64.Build.0 = Release|Any CPU
		{195F82B9-5C67-4D86-8904-D94098B4DF3C}.Release|x86.ActiveCfg = Release|Any CPU
		{195F82B9-5C67-4D86-8904-D94098B4DF3C}.Release|x86.Build.0 = Release|Any CPU
		{74E47D32-53E8-4889-801C-5BCBDD5D2863}.Debug|Any CPU.ActiveCfg = Debug|Any CPU
		{74E47D32-53E8-4889-801C-5BCBDD5D2863}.Debug|Any CPU.Build.0 = Debug|Any CPU
		{74E47D32-53E8-4889-801C-5BCBDD5D2863}.Debug|x64.ActiveCfg = Debug|Any CPU
		{74E47D32-53E8-4889-801C-5BCBDD5D2863}.Debug|x64.Build.0 = Debug|Any CPU
		{74E47D32-53E8-4889-801C-5BCBDD5D2863}.Debug|x86.ActiveCfg = Debug|Any CPU
		{74E47D32-53E8-4889-801C-5BCBDD5D2863}.Debug|x86.Build.0 = Debug|Any CPU
		{74E47D32-53E8-4889-801C-5BCBDD5D2863}.Release|Any CPU.ActiveCfg = Release|Any CPU
		{74E47D32-53E8-4889-801C-5BCBDD5D2863}.Release|Any CPU.Build.0 = Release|Any CPU
		{74E47D32-53E8-4889-801C-5BCBDD5D2863}.Release|x64.ActiveCfg = Release|Any CPU
		{74E47D32-53E8-4889-801C-5BCBDD5D2863}.Release|x64.Build.0 = Release|Any CPU
		{74E47D32-53E8-4889-801C-5BCBDD5D2863}.Release|x86.ActiveCfg = Release|Any CPU
		{74E47D32-53E8-4889-801C-5BCBDD5D2863}.Release|x86.Build.0 = Release|Any CPU
		{B967CBCB-58DC-41E3-B6AF-979ABAFD020F}.Debug|Any CPU.ActiveCfg = Debug|Any CPU
		{B967CBCB-58DC-41E3-B6AF-979ABAFD020F}.Debug|Any CPU.Build.0 = Debug|Any CPU
		{B967CBCB-58DC-41E3-B6AF-979ABAFD020F}.Debug|x64.ActiveCfg = Debug|Any CPU
		{B967CBCB-58DC-41E3-B6AF-979ABAFD020F}.Debug|x64.Build.0 = Debug|Any CPU
		{B967CBCB-58DC-41E3-B6AF-979ABAFD020F}.Debug|x86.ActiveCfg = Debug|Any CPU
		{B967CBCB-58DC-41E3-B6AF-979ABAFD020F}.Debug|x86.Build.0 = Debug|Any CPU
		{B967CBCB-58DC-41E3-B6AF-979ABAFD020F}.Release|Any CPU.ActiveCfg = Release|Any CPU
		{B967CBCB-58DC-41E3-B6AF-979ABAFD020F}.Release|Any CPU.Build.0 = Release|Any CPU
		{B967CBCB-58DC-41E3-B6AF-979ABAFD020F}.Release|x64.ActiveCfg = Release|Any CPU
		{B967CBCB-58DC-41E3-B6AF-979ABAFD020F}.Release|x64.Build.0 = Release|Any CPU
		{B967CBCB-58DC-41E3-B6AF-979ABAFD020F}.Release|x86.ActiveCfg = Release|Any CPU
		{B967CBCB-58DC-41E3-B6AF-979ABAFD020F}.Release|x86.Build.0 = Release|Any CPU
		{9669E048-A18F-4755-816D-020B6D47A087}.Debug|Any CPU.ActiveCfg = Debug|Any CPU
		{9669E048-A18F-4755-816D-020B6D47A087}.Debug|Any CPU.Build.0 = Debug|Any CPU
		{9669E048-A18F-4755-816D-020B6D47A087}.Debug|x64.ActiveCfg = Debug|Any CPU
		{9669E048-A18F-4755-816D-020B6D47A087}.Debug|x64.Build.0 = Debug|Any CPU
		{9669E048-A18F-4755-816D-020B6D47A087}.Debug|x86.ActiveCfg = Debug|Any CPU
		{9669E048-A18F-4755-816D-020B6D47A087}.Debug|x86.Build.0 = Debug|Any CPU
		{9669E048-A18F-4755-816D-020B6D47A087}.Release|Any CPU.ActiveCfg = Release|Any CPU
		{9669E048-A18F-4755-816D-020B6D47A087}.Release|Any CPU.Build.0 = Release|Any CPU
		{9669E048-A18F-4755-816D-020B6D47A087}.Release|x64.ActiveCfg = Release|Any CPU
		{9669E048-A18F-4755-816D-020B6D47A087}.Release|x64.Build.0 = Release|Any CPU
		{9669E048-A18F-4755-816D-020B6D47A087}.Release|x86.ActiveCfg = Release|Any CPU
		{9669E048-A18F-4755-816D-020B6D47A087}.Release|x86.Build.0 = Release|Any CPU
		{97546BD2-EE06-4EC2-A432-5884B7BB29F5}.Debug|Any CPU.ActiveCfg = Debug|Any CPU
		{97546BD2-EE06-4EC2-A432-5884B7BB29F5}.Debug|Any CPU.Build.0 = Debug|Any CPU
		{97546BD2-EE06-4EC2-A432-5884B7BB29F5}.Debug|x64.ActiveCfg = Debug|Any CPU
		{97546BD2-EE06-4EC2-A432-5884B7BB29F5}.Debug|x64.Build.0 = Debug|Any CPU
		{97546BD2-EE06-4EC2-A432-5884B7BB29F5}.Debug|x86.ActiveCfg = Debug|Any CPU
		{97546BD2-EE06-4EC2-A432-5884B7BB29F5}.Debug|x86.Build.0 = Debug|Any CPU
		{97546BD2-EE06-4EC2-A432-5884B7BB29F5}.Release|Any CPU.ActiveCfg = Release|Any CPU
		{97546BD2-EE06-4EC2-A432-5884B7BB29F5}.Release|Any CPU.Build.0 = Release|Any CPU
		{97546BD2-EE06-4EC2-A432-5884B7BB29F5}.Release|x64.ActiveCfg = Release|Any CPU
		{97546BD2-EE06-4EC2-A432-5884B7BB29F5}.Release|x64.Build.0 = Release|Any CPU
		{97546BD2-EE06-4EC2-A432-5884B7BB29F5}.Release|x86.ActiveCfg = Release|Any CPU
		{97546BD2-EE06-4EC2-A432-5884B7BB29F5}.Release|x86.Build.0 = Release|Any CPU
		{40FD8BED-1E79-41D5-A15F-71628167DEED}.Debug|Any CPU.ActiveCfg = Debug|Any CPU
		{40FD8BED-1E79-41D5-A15F-71628167DEED}.Debug|Any CPU.Build.0 = Debug|Any CPU
		{40FD8BED-1E79-41D5-A15F-71628167DEED}.Debug|x64.ActiveCfg = Debug|Any CPU
		{40FD8BED-1E79-41D5-A15F-71628167DEED}.Debug|x64.Build.0 = Debug|Any CPU
		{40FD8BED-1E79-41D5-A15F-71628167DEED}.Debug|x86.ActiveCfg = Debug|Any CPU
		{40FD8BED-1E79-41D5-A15F-71628167DEED}.Debug|x86.Build.0 = Debug|Any CPU
		{40FD8BED-1E79-41D5-A15F-71628167DEED}.Release|Any CPU.ActiveCfg = Release|Any CPU
		{40FD8BED-1E79-41D5-A15F-71628167DEED}.Release|Any CPU.Build.0 = Release|Any CPU
		{40FD8BED-1E79-41D5-A15F-71628167DEED}.Release|x64.ActiveCfg = Release|Any CPU
		{40FD8BED-1E79-41D5-A15F-71628167DEED}.Release|x64.Build.0 = Release|Any CPU
		{40FD8BED-1E79-41D5-A15F-71628167DEED}.Release|x86.ActiveCfg = Release|Any CPU
		{40FD8BED-1E79-41D5-A15F-71628167DEED}.Release|x86.Build.0 = Release|Any CPU
		{40124EA5-144F-41BD-97BB-6D35A2B0B3A2}.Debug|Any CPU.ActiveCfg = Debug|Any CPU
		{40124EA5-144F-41BD-97BB-6D35A2B0B3A2}.Debug|Any CPU.Build.0 = Debug|Any CPU
		{40124EA5-144F-41BD-97BB-6D35A2B0B3A2}.Debug|x64.ActiveCfg = Debug|x64
		{40124EA5-144F-41BD-97BB-6D35A2B0B3A2}.Debug|x64.Build.0 = Debug|x64
		{40124EA5-144F-41BD-97BB-6D35A2B0B3A2}.Debug|x86.ActiveCfg = Debug|x86
		{40124EA5-144F-41BD-97BB-6D35A2B0B3A2}.Debug|x86.Build.0 = Debug|x86
		{40124EA5-144F-41BD-97BB-6D35A2B0B3A2}.Release|Any CPU.ActiveCfg = Release|Any CPU
		{40124EA5-144F-41BD-97BB-6D35A2B0B3A2}.Release|Any CPU.Build.0 = Release|Any CPU
		{40124EA5-144F-41BD-97BB-6D35A2B0B3A2}.Release|x64.ActiveCfg = Release|x64
		{40124EA5-144F-41BD-97BB-6D35A2B0B3A2}.Release|x64.Build.0 = Release|x64
		{40124EA5-144F-41BD-97BB-6D35A2B0B3A2}.Release|x86.ActiveCfg = Release|x86
		{40124EA5-144F-41BD-97BB-6D35A2B0B3A2}.Release|x86.Build.0 = Release|x86
		{8BC12CA5-59B4-40AB-A39D-D309BC22A26D}.Debug|Any CPU.ActiveCfg = Debug|Any CPU
		{8BC12CA5-59B4-40AB-A39D-D309BC22A26D}.Debug|Any CPU.Build.0 = Debug|Any CPU
		{8BC12CA5-59B4-40AB-A39D-D309BC22A26D}.Debug|x64.ActiveCfg = Debug|Any CPU
		{8BC12CA5-59B4-40AB-A39D-D309BC22A26D}.Debug|x64.Build.0 = Debug|Any CPU
		{8BC12CA5-59B4-40AB-A39D-D309BC22A26D}.Debug|x86.ActiveCfg = Debug|Any CPU
		{8BC12CA5-59B4-40AB-A39D-D309BC22A26D}.Debug|x86.Build.0 = Debug|Any CPU
		{8BC12CA5-59B4-40AB-A39D-D309BC22A26D}.Release|Any CPU.ActiveCfg = Release|Any CPU
		{8BC12CA5-59B4-40AB-A39D-D309BC22A26D}.Release|Any CPU.Build.0 = Release|Any CPU
		{8BC12CA5-59B4-40AB-A39D-D309BC22A26D}.Release|x64.ActiveCfg = Release|Any CPU
		{8BC12CA5-59B4-40AB-A39D-D309BC22A26D}.Release|x64.Build.0 = Release|Any CPU
		{8BC12CA5-59B4-40AB-A39D-D309BC22A26D}.Release|x86.ActiveCfg = Release|Any CPU
		{8BC12CA5-59B4-40AB-A39D-D309BC22A26D}.Release|x86.Build.0 = Release|Any CPU
	EndGlobalSection
	GlobalSection(SolutionProperties) = preSolution
		HideSolutionNode = FALSE
	EndGlobalSection
	GlobalSection(ExtensibilityGlobals) = postSolution
		SolutionGuid = {0A17167E-C586-49C3-99B8-EE2FDBE9E0E9}
	EndGlobalSection
EndGlobal
